
Microsoft Visual Studio Solution File, Format Version 12.00
# Visual Studio Version 16
VisualStudioVersion = 16.0.32901.82
MinimumVisualStudioVersion = 10.0.40219.1
Project("{FAE04EC0-301F-11D3-BF4B-00C04F79EFBC}") = "Inheritance", "Inheritance\Inheritance.csproj", "{054E519E-DCCE-4C08-85E5-5FCFEB47001C}"
EndProject
Global
	GlobalSection(SolutionConfigurationPlatforms) = preSolution
		Debug|Any CPU = Debug|Any CPU
		Release|Any CPU = Release|Any CPU
	EndGlobalSection
	GlobalSection(ProjectConfigurationPlatforms) = postSolution
		{054E519E-DCCE-4C08-85E5-5FCFEB47001C}.Debug|Any CPU.ActiveCfg = Debug|Any CPU
		{054E519E-DCCE-4C08-85E5-5FCFEB47001C}.Debug|Any CPU.Build.0 = Debug|Any CPU
		{054E519E-DCCE-4C08-85E5-5FCFEB47001C}.Release|Any CPU.ActiveCfg = Release|Any CPU
		{054E519E-DCCE-4C08-85E5-5FCFEB47001C}.Release|Any CPU.Build.0 = Release|Any CPU
	EndGlobalSection
	GlobalSection(SolutionProperties) = preSolution
		HideSolutionNode = FALSE
	EndGlobalSection
	GlobalSection(ExtensibilityGlobals) = postSolution
		SolutionGuid = {A2ACD890-C281-48FD-A4ED-83ED0EF2EDB9}
	EndGlobalSection
EndGlobal
